
Microsoft Visual Studio Solution File, Format Version 12.00
# Visual Studio Version 17
VisualStudioVersion = 17.8.35326.199
MinimumVisualStudioVersion = 10.0.40219.1
Project("{FAE04EC0-301F-11D3-BF4B-00C04F79EFBC}") = "BeatSaber_ClearMind", "BeatSaber_ClearMind\BeatSaber_ClearMind.csproj", "{D9C1335A-3688-4C5F-8365-9931EF2B61F3}"
EndProject
Global
	GlobalSection(SolutionConfigurationPlatforms) = preSolution
		Debug|Any CPU = Debug|Any CPU
		Release|Any CPU = Release|Any CPU
	EndGlobalSection
	GlobalSection(ProjectConfigurationPlatforms) = postSolution
		{D9C1335A-3688-4C5F-8365-9931EF2B61F3}.Debug|Any CPU.ActiveCfg = Debug|Any CPU
		{D9C1335A-3688-4C5F-8365-9931EF2B61F3}.Debug|Any CPU.Build.0 = Debug|Any CPU
		{D9C1335A-3688-4C5F-8365-9931EF2B61F3}.Release|Any CPU.ActiveCfg = Release|Any CPU
		{D9C1335A-3688-4C5F-8365-9931EF2B61F3}.Release|Any CPU.Build.0 = Release|Any CPU
	EndGlobalSection
	GlobalSection(SolutionProperties) = preSolution
		HideSolutionNode = FALSE
	EndGlobalSection
	GlobalSection(ExtensibilityGlobals) = postSolution
		SolutionGuid = {E5264C17-99FD-450F-8314-AA2B87F92C34}
	EndGlobalSection
EndGlobal
